
Microsoft Visual Studio Solution File, Format Version 12.00
# Visual Studio Version 17
VisualStudioVersion = 17.11.35208.52
MinimumVisualStudioVersion = 10.0.40219.1
Project("{FAE04EC0-301F-11D3-BF4B-00C04F79EFBC}") = "vox-populi.old", "vox-populi\vox-populi.old.csproj", "{395FE034-4851-4DB6-BD8F-38A14317FF38}"
EndProject
Project("{2150E333-8FDC-42A3-9474-1A3956D46DE8}") = "Solution Items", "Solution Items", "{64F3D307-EDA4-4A27-ABCF-86E7BD09782C}"
	ProjectSection(SolutionItems) = preProject
		LICENSE = LICENSE
	EndProjectSection
EndProject
Project("{9A19103F-16F7-4668-BE54-9A1E7A4F7556}") = "vox-populi.Avalonia", "vox-populi.Views\vox-populi.Avalonia.csproj", "{5751B73F-D0EF-4DDD-B13C-A71AAA4C2B3A}"
EndProject
Project("{9A19103F-16F7-4668-BE54-9A1E7A4F7556}") = "vox-populi.Views.Desktop", "vox-populi.Views.Desktop\vox-populi.Views.Desktop.csproj", "{51985833-EB3A-493C-9E0E-9DB2E4BBB50D}"
EndProject
Global
	GlobalSection(SolutionConfigurationPlatforms) = preSolution
		Debug|Any CPU = Debug|Any CPU
		Release|Any CPU = Release|Any CPU
	EndGlobalSection
	GlobalSection(ProjectConfigurationPlatforms) = postSolution
		{395FE034-4851-4DB6-BD8F-38A14317FF38}.Debug|Any CPU.ActiveCfg = Debug|Any CPU
		{395FE034-4851-4DB6-BD8F-38A14317FF38}.Debug|Any CPU.Build.0 = Debug|Any CPU
		{395FE034-4851-4DB6-BD8F-38A14317FF38}.Release|Any CPU.ActiveCfg = Release|Any CPU
		{395FE034-4851-4DB6-BD8F-38A14317FF38}.Release|Any CPU.Build.0 = Release|Any CPU
		{5751B73F-D0EF-4DDD-B13C-A71AAA4C2B3A}.Debug|Any CPU.ActiveCfg = Debug|Any CPU
		{5751B73F-D0EF-4DDD-B13C-A71AAA4C2B3A}.Debug|Any CPU.Build.0 = Debug|Any CPU
		{5751B73F-D0EF-4DDD-B13C-A71AAA4C2B3A}.Release|Any CPU.ActiveCfg = Release|Any CPU
		{5751B73F-D0EF-4DDD-B13C-A71AAA4C2B3A}.Release|Any CPU.Build.0 = Release|Any CPU
		{51985833-EB3A-493C-9E0E-9DB2E4BBB50D}.Debug|Any CPU.ActiveCfg = Debug|Any CPU
		{51985833-EB3A-493C-9E0E-9DB2E4BBB50D}.Debug|Any CPU.Build.0 = Debug|Any CPU
		{51985833-EB3A-493C-9E0E-9DB2E4BBB50D}.Release|Any CPU.ActiveCfg = Release|Any CPU
		{51985833-EB3A-493C-9E0E-9DB2E4BBB50D}.Release|Any CPU.Build.0 = Release|Any CPU
	EndGlobalSection
	GlobalSection(SolutionProperties) = preSolution
		HideSolutionNode = FALSE
	EndGlobalSection
EndGlobal
