
Microsoft Visual Studio Solution File, Format Version 12.00
# Visual Studio 15
VisualStudioVersion = 15.0.26228.12
MinimumVisualStudioVersion = 10.0.40219.1
Project("{FAE04EC0-301F-11D3-BF4B-00C04F79EFBC}") = "vox-populi", "vox-populi\vox-populi.csproj", "{395FE034-4851-4DB6-BD8F-38A14317FF38}"
EndProject
Project("{2150E333-8FDC-42A3-9474-1A3956D46DE8}") = "Solution Items", "Solution Items", "{64F3D307-EDA4-4A27-ABCF-86E7BD09782C}"
	ProjectSection(SolutionItems) = preProject
		LICENSE = LICENSE
	EndProjectSection
EndProject
Global
	GlobalSection(SolutionConfigurationPlatforms) = preSolution
		Debug|Any CPU = Debug|Any CPU
		Release|Any CPU = Release|Any CPU
	EndGlobalSection
	GlobalSection(ProjectConfigurationPlatforms) = postSolution
		{395FE034-4851-4DB6-BD8F-38A14317FF38}.Debug|Any CPU.ActiveCfg = Debug|Any CPU
		{395FE034-4851-4DB6-BD8F-38A14317FF38}.Debug|Any CPU.Build.0 = Debug|Any CPU
		{395FE034-4851-4DB6-BD8F-38A14317FF38}.Release|Any CPU.ActiveCfg = Release|Any CPU
		{395FE034-4851-4DB6-BD8F-38A14317FF38}.Release|Any CPU.Build.0 = Release|Any CPU
	EndGlobalSection
	GlobalSection(SolutionProperties) = preSolution
		HideSolutionNode = FALSE
	EndGlobalSection
EndGlobal
